
Microsoft Visual Studio Solution File, Format Version 12.00
# Visual Studio Version 16
VisualStudioVersion = 16.0.30413.136
MinimumVisualStudioVersion = 10.0.40219.1
Project("{FAE04EC0-301F-11D3-BF4B-00C04F79EFBC}") = "Challenge", "Challenge.csproj", "{A38CC050-8C51-43C7-ADF0-C36CFC4EF5C6}"
EndProject
Global
	GlobalSection(SolutionConfigurationPlatforms) = preSolution
		Debug|Any CPU = Debug|Any CPU
		Release|Any CPU = Release|Any CPU
	EndGlobalSection
	GlobalSection(ProjectConfigurationPlatforms) = postSolution
		{A38CC050-8C51-43C7-ADF0-C36CFC4EF5C6}.Debug|Any CPU.ActiveCfg = Debug|Any CPU
		{A38CC050-8C51-43C7-ADF0-C36CFC4EF5C6}.Debug|Any CPU.Build.0 = Debug|Any CPU
		{A38CC050-8C51-43C7-ADF0-C36CFC4EF5C6}.Release|Any CPU.ActiveCfg = Release|Any CPU
		{A38CC050-8C51-43C7-ADF0-C36CFC4EF5C6}.Release|Any CPU.Build.0 = Release|Any CPU
	EndGlobalSection
	GlobalSection(SolutionProperties) = preSolution
		HideSolutionNode = FALSE
	EndGlobalSection
	GlobalSection(ExtensibilityGlobals) = postSolution
		SolutionGuid = {8EE6FD8E-59D0-4C08-A1EC-3C518135FBAB}
	EndGlobalSection
EndGlobal
